// !$*UTF8*$!
{
	archiveVersion = 1;
	classes = {
	};
	objectVersion = 46;
	objects = {

/* Begin PBXBuildFile section */
		835415541F6D16F400CB7B77 /* libsqlite3.tbd in Frameworks */ = {isa = PBXBuildFile; fileRef = 835415531F6D16F400CB7B77 /* libsqlite3.tbd */; };
		835415551F6D1C6800CB7B77 /* libOSS.a in Frameworks */ = {isa = PBXBuildFile; fileRef = A7C3033D1F6D116C0000D8C0 /* libOSS.a */; };
		835415561F6D207900CB7B77 /* TempOSS.m in Sources */ = {isa = PBXBuildFile; fileRef = A7C303691F6D117D0000D8C0 /* TempOSS.m */; };
		8363E9801F4C4C24004B7ACA /* main.m in Sources */ = {isa = PBXBuildFile; fileRef = 8363E97F1F4C4C24004B7ACA /* main.m */; };
		8363E9831F4C4C24004B7ACA /* AppDelegate.m in Sources */ = {isa = PBXBuildFile; fileRef = 8363E9821F4C4C24004B7ACA /* AppDelegate.m */; };
		8363E9861F4C4C24004B7ACA /* ViewController.m in Sources */ = {isa = PBXBuildFile; fileRef = 8363E9851F4C4C24004B7ACA /* ViewController.m */; };
		8363E98B1F4C4C24004B7ACA /* Assets.xcassets in Resources */ = {isa = PBXBuildFile; fileRef = 8363E98A1F4C4C24004B7ACA /* Assets.xcassets */; };
		8363E98E1F4C4C24004B7ACA /* LaunchScreen.storyboard in Resources */ = {isa = PBXBuildFile; fileRef = 8363E98C1F4C4C24004B7ACA /* LaunchScreen.storyboard */; };
		8363E9991F4C4C24004B7ACA /* takePhotoAPPTests.m in Sources */ = {isa = PBXBuildFile; fileRef = 8363E9981F4C4C24004B7ACA /* takePhotoAPPTests.m */; };
		8363E9A41F4C4C24004B7ACA /* takePhotoAPPUITests.m in Sources */ = {isa = PBXBuildFile; fileRef = 8363E9A31F4C4C24004B7ACA /* takePhotoAPPUITests.m */; };
		8363E9B81F4C4E30004B7ACA /* GoodsShelfViewController.m in Sources */ = {isa = PBXBuildFile; fileRef = 8363E9B71F4C4E30004B7ACA /* GoodsShelfViewController.m */; };
		8363E9BB1F4D1708004B7ACA /* GoodsShelfTableViewCell.m in Sources */ = {isa = PBXBuildFile; fileRef = 8363E9BA1F4D1708004B7ACA /* GoodsShelfTableViewCell.m */; };
		8363E9CE1F4D1DBF004B7ACA /* GoodsShelfModel.m in Sources */ = {isa = PBXBuildFile; fileRef = 8363E9CD1F4D1DBF004B7ACA /* GoodsShelfModel.m */; };
		837341251F71141C00292FE5 /* newsPic1.jpg in Resources */ = {isa = PBXBuildFile; fileRef = 837341241F7112DB00292FE5 /* newsPic1.jpg */; };
		837341261F71141C00292FE5 /* newsPic2.jpg in Resources */ = {isa = PBXBuildFile; fileRef = 837341211F7112DA00292FE5 /* newsPic2.jpg */; };
		837341271F71141C00292FE5 /* newsPic3.jpg in Resources */ = {isa = PBXBuildFile; fileRef = 837341221F7112DB00292FE5 /* newsPic3.jpg */; };
		837341281F71141C00292FE5 /* newsPic4.jpg in Resources */ = {isa = PBXBuildFile; fileRef = 837341231F7112DB00292FE5 /* newsPic4.jpg */; };
		838ACB211F67D1B400D19ACE /* GoodsShelfTopBar.m in Sources */ = {isa = PBXBuildFile; fileRef = 838ACB201F67D1B400D19ACE /* GoodsShelfTopBar.m */; };
		843A89931F663713007B7496 /* GSProgressView.m in Sources */ = {isa = PBXBuildFile; fileRef = 843A89921F663713007B7496 /* GSProgressView.m */; };
		849943871F6A9CF900F76836 /* ImageModel.m in Sources */ = {isa = PBXBuildFile; fileRef = 849943861F6A9CF900F76836 /* ImageModel.m */; };
		A75425BB1F6F5FF0002E4D80 /* BIAlertViewController.m in Sources */ = {isa = PBXBuildFile; fileRef = A75425BA1F6F5FF0002E4D80 /* BIAlertViewController.m */; };
		A75803F51F63DE8D00DADBE1 /* CameraViewController.m in Sources */ = {isa = PBXBuildFile; fileRef = A75803F41F63DE8D00DADBE1 /* CameraViewController.m */; };
		A7676DDA1F64EAB9004859D0 /* CustomCollectionViewLayout.m in Sources */ = {isa = PBXBuildFile; fileRef = A7676DD41F64EAB9004859D0 /* CustomCollectionViewLayout.m */; };
		A7676DDC1F64EAB9004859D0 /* GSChoosePhotosView.m in Sources */ = {isa = PBXBuildFile; fileRef = A7676DD91F64EAB9004859D0 /* GSChoosePhotosView.m */; };
		A7676DE11F64EAD3004859D0 /* CameraBaseViewController.m in Sources */ = {isa = PBXBuildFile; fileRef = A7676DDF1F64EAD3004859D0 /* CameraBaseViewController.m */; };
		A7676DE31F651F01004859D0 /* 000.JPG in Resources */ = {isa = PBXBuildFile; fileRef = A7676DE21F651F01004859D0 /* 000.JPG */; };
		A7676DE91F6553BB004859D0 /* UIImage+imageHelper.m in Sources */ = {isa = PBXBuildFile; fileRef = A7676DE81F6553BB004859D0 /* UIImage+imageHelper.m */; };
		A7676DEC1F657FE3004859D0 /* GSThumbnailViewCell.m in Sources */ = {isa = PBXBuildFile; fileRef = A7676DEB1F657FE3004859D0 /* GSThumbnailViewCell.m */; };
		A7676DEF1F65814E004859D0 /* GSImage.m in Sources */ = {isa = PBXBuildFile; fileRef = A7676DEE1F65814E004859D0 /* GSImage.m */; };
		A7C303371F6CF1EF0000D8C0 /* GSPrewViewController.m in Sources */ = {isa = PBXBuildFile; fileRef = A7C303361F6CF1EF0000D8C0 /* GSPrewViewController.m */; };
		A7C303801F6D13770000D8C0 /* DataBaseManager.m in Sources */ = {isa = PBXBuildFile; fileRef = A7C3036C1F6D13770000D8C0 /* DataBaseManager.m */; };
		A7C303811F6D13770000D8C0 /* FMDatabase.m in Sources */ = {isa = PBXBuildFile; fileRef = A7C3036F1F6D13770000D8C0 /* FMDatabase.m */; };
		A7C303821F6D13770000D8C0 /* FMDatabaseAdditions.m in Sources */ = {isa = PBXBuildFile; fileRef = A7C303711F6D13770000D8C0 /* FMDatabaseAdditions.m */; };
		A7C303831F6D13770000D8C0 /* FMDatabasePool.m in Sources */ = {isa = PBXBuildFile; fileRef = A7C303731F6D13770000D8C0 /* FMDatabasePool.m */; };
		A7C303841F6D13770000D8C0 /* FMDatabaseQueue.m in Sources */ = {isa = PBXBuildFile; fileRef = A7C303751F6D13770000D8C0 /* FMDatabaseQueue.m */; };
		A7C303851F6D13770000D8C0 /* FMResultSet.m in Sources */ = {isa = PBXBuildFile; fileRef = A7C303781F6D13770000D8C0 /* FMResultSet.m */; };
		A7C303871F6D13770000D8C0 /* NetworkKit.m in Sources */ = {isa = PBXBuildFile; fileRef = A7C3037D1F6D13770000D8C0 /* NetworkKit.m */; };
		A7C303881F6D13770000D8C0 /* UploadModel.m in Sources */ = {isa = PBXBuildFile; fileRef = A7C3037F1F6D13770000D8C0 /* UploadModel.m */; };
		A7C3038B1F6D13810000D8C0 /* GoodsShelfDataManager.m in Sources */ = {isa = PBXBuildFile; fileRef = A7C3038A1F6D13810000D8C0 /* GoodsShelfDataManager.m */; };
		A7C3038E1F6D14EE0000D8C0 /* libresolv.tbd in Frameworks */ = {isa = PBXBuildFile; fileRef = A7C3038D1F6D14EE0000D8C0 /* libresolv.tbd */; };
		A7C303901F6D14F70000D8C0 /* SystemConfiguration.framework in Frameworks */ = {isa = PBXBuildFile; fileRef = A7C3038F1F6D14F60000D8C0 /* SystemConfiguration.framework */; };
/* End PBXBuildFile section */

/* Begin PBXContainerItemProxy section */
		8363E9951F4C4C24004B7ACA /* PBXContainerItemProxy */ = {
			isa = PBXContainerItemProxy;
			containerPortal = 8363E9731F4C4C24004B7ACA /* Project object */;
			proxyType = 1;
			remoteGlobalIDString = 8363E97A1F4C4C24004B7ACA;
			remoteInfo = takePhotoAPP;
		};
		8363E9A01F4C4C24004B7ACA /* PBXContainerItemProxy */ = {
			isa = PBXContainerItemProxy;
			containerPortal = 8363E9731F4C4C24004B7ACA /* Project object */;
			proxyType = 1;
			remoteGlobalIDString = 8363E97A1F4C4C24004B7ACA;
			remoteInfo = takePhotoAPP;
		};
/* End PBXContainerItemProxy section */

/* Begin PBXFileReference section */
		835415531F6D16F400CB7B77 /* libsqlite3.tbd */ = {isa = PBXFileReference; lastKnownFileType = "sourcecode.text-based-dylib-definition"; name = libsqlite3.tbd; path = usr/lib/libsqlite3.tbd; sourceTree = SDKROOT; };
		8363E97B1F4C4C24004B7ACA /* takePhotoAPP.app */ = {isa = PBXFileReference; explicitFileType = wrapper.application; includeInIndex = 0; path = takePhotoAPP.app; sourceTree = BUILT_PRODUCTS_DIR; };
		8363E97F1F4C4C24004B7ACA /* main.m */ = {isa = PBXFileReference; lastKnownFileType = sourcecode.c.objc; path = main.m; sourceTree = "<group>"; };
		8363E9811F4C4C24004B7ACA /* AppDelegate.h */ = {isa = PBXFileReference; lastKnownFileType = sourcecode.c.h; path = AppDelegate.h; sourceTree = "<group>"; };
		8363E9821F4C4C24004B7ACA /* AppDelegate.m */ = {isa = PBXFileReference; lastKnownFileType = sourcecode.c.objc; path = AppDelegate.m; sourceTree = "<group>"; };
		8363E9841F4C4C24004B7ACA /* ViewController.h */ = {isa = PBXFileReference; lastKnownFileType = sourcecode.c.h; path = ViewController.h; sourceTree = "<group>"; };
		8363E9851F4C4C24004B7ACA /* ViewController.m */ = {isa = PBXFileReference; lastKnownFileType = sourcecode.c.objc; path = ViewController.m; sourceTree = "<group>"; };
		8363E98A1F4C4C24004B7ACA /* Assets.xcassets */ = {isa = PBXFileReference; lastKnownFileType = folder.assetcatalog; path = Assets.xcassets; sourceTree = "<group>"; };
		8363E98D1F4C4C24004B7ACA /* Base */ = {isa = PBXFileReference; lastKnownFileType = file.storyboard; name = Base; path = Base.lproj/LaunchScreen.storyboard; sourceTree = "<group>"; };
		8363E98F1F4C4C24004B7ACA /* Info.plist */ = {isa = PBXFileReference; lastKnownFileType = text.plist.xml; path = Info.plist; sourceTree = "<group>"; };
		8363E9941F4C4C24004B7ACA /* takePhotoAPPTests.xctest */ = {isa = PBXFileReference; explicitFileType = wrapper.cfbundle; includeInIndex = 0; path = takePhotoAPPTests.xctest; sourceTree = BUILT_PRODUCTS_DIR; };
		8363E9981F4C4C24004B7ACA /* takePhotoAPPTests.m */ = {isa = PBXFileReference; lastKnownFileType = sourcecode.c.objc; path = takePhotoAPPTests.m; sourceTree = "<group>"; };
		8363E99A1F4C4C24004B7ACA /* Info.plist */ = {isa = PBXFileReference; lastKnownFileType = text.plist.xml; path = Info.plist; sourceTree = "<group>"; };
		8363E99F1F4C4C24004B7ACA /* takePhotoAPPUITests.xctest */ = {isa = PBXFileReference; explicitFileType = wrapper.cfbundle; includeInIndex = 0; path = takePhotoAPPUITests.xctest; sourceTree = BUILT_PRODUCTS_DIR; };
		8363E9A31F4C4C24004B7ACA /* takePhotoAPPUITests.m */ = {isa = PBXFileReference; lastKnownFileType = sourcecode.c.objc; path = takePhotoAPPUITests.m; sourceTree = "<group>"; };
		8363E9A51F4C4C24004B7ACA /* Info.plist */ = {isa = PBXFileReference; lastKnownFileType = text.plist.xml; path = Info.plist; sourceTree = "<group>"; };
		8363E9B41F4C4D2E004B7ACA /* PrefixHeader.pch */ = {isa = PBXFileReference; lastKnownFileType = sourcecode.c.h; path = PrefixHeader.pch; sourceTree = "<group>"; };
		8363E9B61F4C4E30004B7ACA /* GoodsShelfViewController.h */ = {isa = PBXFileReference; fileEncoding = 4; lastKnownFileType = sourcecode.c.h; path = GoodsShelfViewController.h; sourceTree = "<group>"; };
		8363E9B71F4C4E30004B7ACA /* GoodsShelfViewController.m */ = {isa = PBXFileReference; fileEncoding = 4; lastKnownFileType = sourcecode.c.objc; path = GoodsShelfViewController.m; sourceTree = "<group>"; };
		8363E9B91F4D1708004B7ACA /* GoodsShelfTableViewCell.h */ = {isa = PBXFileReference; fileEncoding = 4; lastKnownFileType = sourcecode.c.h; path = GoodsShelfTableViewCell.h; sourceTree = "<group>"; };
		8363E9BA1F4D1708004B7ACA /* GoodsShelfTableViewCell.m */ = {isa = PBXFileReference; fileEncoding = 4; lastKnownFileType = sourcecode.c.objc; path = GoodsShelfTableViewCell.m; sourceTree = "<group>"; };
		8363E9CC1F4D1DBF004B7ACA /* GoodsShelfModel.h */ = {isa = PBXFileReference; fileEncoding = 4; lastKnownFileType = sourcecode.c.h; path = GoodsShelfModel.h; sourceTree = "<group>"; };
		8363E9CD1F4D1DBF004B7ACA /* GoodsShelfModel.m */ = {isa = PBXFileReference; fileEncoding = 4; lastKnownFileType = sourcecode.c.objc; path = GoodsShelfModel.m; sourceTree = "<group>"; };
		837341211F7112DA00292FE5 /* newsPic2.jpg */ = {isa = PBXFileReference; lastKnownFileType = image.jpeg; path = newsPic2.jpg; sourceTree = "<group>"; };
		837341221F7112DB00292FE5 /* newsPic3.jpg */ = {isa = PBXFileReference; lastKnownFileType = image.jpeg; path = newsPic3.jpg; sourceTree = "<group>"; };
		837341231F7112DB00292FE5 /* newsPic4.jpg */ = {isa = PBXFileReference; lastKnownFileType = image.jpeg; path = newsPic4.jpg; sourceTree = "<group>"; };
		837341241F7112DB00292FE5 /* newsPic1.jpg */ = {isa = PBXFileReference; lastKnownFileType = image.jpeg; path = newsPic1.jpg; sourceTree = "<group>"; };
		838ACB1F1F67D1B400D19ACE /* GoodsShelfTopBar.h */ = {isa = PBXFileReference; fileEncoding = 4; lastKnownFileType = sourcecode.c.h; path = GoodsShelfTopBar.h; sourceTree = "<group>"; };
		838ACB201F67D1B400D19ACE /* GoodsShelfTopBar.m */ = {isa = PBXFileReference; fileEncoding = 4; lastKnownFileType = sourcecode.c.objc; path = GoodsShelfTopBar.m; sourceTree = "<group>"; };
		843A89911F663713007B7496 /* GSProgressView.h */ = {isa = PBXFileReference; fileEncoding = 4; lastKnownFileType = sourcecode.c.h; path = GSProgressView.h; sourceTree = "<group>"; };
		843A89921F663713007B7496 /* GSProgressView.m */ = {isa = PBXFileReference; fileEncoding = 4; lastKnownFileType = sourcecode.c.objc; path = GSProgressView.m; sourceTree = "<group>"; };
		849943851F6A9CF900F76836 /* ImageModel.h */ = {isa = PBXFileReference; fileEncoding = 4; lastKnownFileType = sourcecode.c.h; path = ImageModel.h; sourceTree = "<group>"; };
		849943861F6A9CF900F76836 /* ImageModel.m */ = {isa = PBXFileReference; fileEncoding = 4; lastKnownFileType = sourcecode.c.objc; path = ImageModel.m; sourceTree = "<group>"; };
		A75425B91F6F5FF0002E4D80 /* BIAlertViewController.h */ = {isa = PBXFileReference; fileEncoding = 4; lastKnownFileType = sourcecode.c.h; path = BIAlertViewController.h; sourceTree = "<group>"; };
		A75425BA1F6F5FF0002E4D80 /* BIAlertViewController.m */ = {isa = PBXFileReference; fileEncoding = 4; lastKnownFileType = sourcecode.c.objc; path = BIAlertViewController.m; sourceTree = "<group>"; };
		A75803F31F63DE8D00DADBE1 /* CameraViewController.h */ = {isa = PBXFileReference; fileEncoding = 4; lastKnownFileType = sourcecode.c.h; path = CameraViewController.h; sourceTree = "<group>"; };
		A75803F41F63DE8D00DADBE1 /* CameraViewController.m */ = {isa = PBXFileReference; fileEncoding = 4; lastKnownFileType = sourcecode.c.objc; path = CameraViewController.m; sourceTree = "<group>"; };
		A7676DD31F64EAB9004859D0 /* CustomCollectionViewLayout.h */ = {isa = PBXFileReference; fileEncoding = 4; lastKnownFileType = sourcecode.c.h; path = CustomCollectionViewLayout.h; sourceTree = "<group>"; };
		A7676DD41F64EAB9004859D0 /* CustomCollectionViewLayout.m */ = {isa = PBXFileReference; fileEncoding = 4; lastKnownFileType = sourcecode.c.objc; path = CustomCollectionViewLayout.m; sourceTree = "<group>"; };
		A7676DD81F64EAB9004859D0 /* GSChoosePhotosView.h */ = {isa = PBXFileReference; fileEncoding = 4; lastKnownFileType = sourcecode.c.h; path = GSChoosePhotosView.h; sourceTree = "<group>"; };
		A7676DD91F64EAB9004859D0 /* GSChoosePhotosView.m */ = {isa = PBXFileReference; fileEncoding = 4; lastKnownFileType = sourcecode.c.objc; path = GSChoosePhotosView.m; sourceTree = "<group>"; };
		A7676DDE1F64EAD3004859D0 /* CameraBaseViewController.h */ = {isa = PBXFileReference; fileEncoding = 4; lastKnownFileType = sourcecode.c.h; path = CameraBaseViewController.h; sourceTree = "<group>"; };
		A7676DDF1F64EAD3004859D0 /* CameraBaseViewController.m */ = {isa = PBXFileReference; fileEncoding = 4; lastKnownFileType = sourcecode.c.objc; path = CameraBaseViewController.m; sourceTree = "<group>"; };
		A7676DE01F64EAD3004859D0 /* CameraUIConstant.h */ = {isa = PBXFileReference; fileEncoding = 4; lastKnownFileType = sourcecode.c.h; path = CameraUIConstant.h; sourceTree = "<group>"; };
		A7676DE21F651F01004859D0 /* 000.JPG */ = {isa = PBXFileReference; lastKnownFileType = image.jpeg; path = 000.JPG; sourceTree = "<group>"; };
		A7676DE71F6553BB004859D0 /* UIImage+imageHelper.h */ = {isa = PBXFileReference; fileEncoding = 4; lastKnownFileType = sourcecode.c.h; path = "UIImage+imageHelper.h"; sourceTree = "<group>"; };
		A7676DE81F6553BB004859D0 /* UIImage+imageHelper.m */ = {isa = PBXFileReference; fileEncoding = 4; lastKnownFileType = sourcecode.c.objc; path = "UIImage+imageHelper.m"; sourceTree = "<group>"; };
		A7676DEA1F657FE3004859D0 /* GSThumbnailViewCell.h */ = {isa = PBXFileReference; fileEncoding = 4; lastKnownFileType = sourcecode.c.h; path = GSThumbnailViewCell.h; sourceTree = "<group>"; };
		A7676DEB1F657FE3004859D0 /* GSThumbnailViewCell.m */ = {isa = PBXFileReference; fileEncoding = 4; lastKnownFileType = sourcecode.c.objc; path = GSThumbnailViewCell.m; sourceTree = "<group>"; };
		A7676DED1F65814E004859D0 /* GSImage.h */ = {isa = PBXFileReference; fileEncoding = 4; lastKnownFileType = sourcecode.c.h; path = GSImage.h; sourceTree = "<group>"; };
		A7676DEE1F65814E004859D0 /* GSImage.m */ = {isa = PBXFileReference; fileEncoding = 4; lastKnownFileType = sourcecode.c.objc; path = GSImage.m; sourceTree = "<group>"; };
		A7C303351F6CF1EF0000D8C0 /* GSPrewViewController.h */ = {isa = PBXFileReference; lastKnownFileType = sourcecode.c.h; name = GSPrewViewController.h; path = ../GSPrewViewController.h; sourceTree = "<group>"; };
		A7C303361F6CF1EF0000D8C0 /* GSPrewViewController.m */ = {isa = PBXFileReference; lastKnownFileType = sourcecode.c.objc; name = GSPrewViewController.m; path = ../GSPrewViewController.m; sourceTree = "<group>"; };
		A7C3033D1F6D116C0000D8C0 /* libOSS.a */ = {isa = PBXFileReference; lastKnownFileType = archive.ar; path = libOSS.a; sourceTree = "<group>"; };
		A7C3033E1F6D116C0000D8C0 /* AliyunOSS.h */ = {isa = PBXFileReference; lastKnownFileType = sourcecode.c.h; path = AliyunOSS.h; sourceTree = "<group>"; };
		A7C3033F1F6D117C0000D8C0 /* TempOSS.h */ = {isa = PBXFileReference; lastKnownFileType = sourcecode.c.h; path = TempOSS.h; sourceTree = "<group>"; };
		A7C303411F6D117D0000D8C0 /* OSSClient.h */ = {isa = PBXFileReference; lastKnownFileType = sourcecode.c.h; path = OSSClient.h; sourceTree = "<group>"; };
		A7C303421F6D117D0000D8C0 /* OSSClient.m */ = {isa = PBXFileReference; lastKnownFileType = sourcecode.c.objc; path = OSSClient.m; sourceTree = "<group>"; };
		A7C303431F6D117D0000D8C0 /* OSSCompat.h */ = {isa = PBXFileReference; lastKnownFileType = sourcecode.c.h; path = OSSCompat.h; sourceTree = "<group>"; };
		A7C303441F6D117D0000D8C0 /* OSSCompat.m */ = {isa = PBXFileReference; lastKnownFileType = sourcecode.c.objc; path = OSSCompat.m; sourceTree = "<group>"; };
		A7C303451F6D117D0000D8C0 /* OSSDefine.h */ = {isa = PBXFileReference; lastKnownFileType = sourcecode.c.h; path = OSSDefine.h; sourceTree = "<group>"; };
		A7C303461F6D117D0000D8C0 /* OSSHttpdns.h */ = {isa = PBXFileReference; lastKnownFileType = sourcecode.c.h; path = OSSHttpdns.h; sourceTree = "<group>"; };
		A7C303471F6D117D0000D8C0 /* OSSHttpdns.m */ = {isa = PBXFileReference; lastKnownFileType = sourcecode.c.objc; path = OSSHttpdns.m; sourceTree = "<group>"; };
		A7C303491F6D117D0000D8C0 /* OSSIPv6Adapter.h */ = {isa = PBXFileReference; lastKnownFileType = sourcecode.c.h; path = OSSIPv6Adapter.h; sourceTree = "<group>"; };
		A7C3034A1F6D117D0000D8C0 /* OSSIPv6Adapter.m */ = {isa = PBXFileReference; lastKnownFileType = sourcecode.c.objc; path = OSSIPv6Adapter.m; sourceTree = "<group>"; };
		A7C3034B1F6D117D0000D8C0 /* OSSIPv6PrefixResolver.h */ = {isa = PBXFileReference; lastKnownFileType = sourcecode.c.h; path = OSSIPv6PrefixResolver.h; sourceTree = "<group>"; };
		A7C3034C1F6D117D0000D8C0 /* OSSIPv6PrefixResolver.m */ = {isa = PBXFileReference; lastKnownFileType = sourcecode.c.objc; path = OSSIPv6PrefixResolver.m; sourceTree = "<group>"; };
		A7C3034D1F6D117D0000D8C0 /* OSSReachabilityManager.h */ = {isa = PBXFileReference; lastKnownFileType = sourcecode.c.h; path = OSSReachabilityManager.h; sourceTree = "<group>"; };
		A7C3034E1F6D117D0000D8C0 /* OSSReachabilityManager.m */ = {isa = PBXFileReference; lastKnownFileType = sourcecode.c.objc; path = OSSReachabilityManager.m; sourceTree = "<group>"; };
		A7C3034F1F6D117D0000D8C0 /* OSSLog.h */ = {isa = PBXFileReference; lastKnownFileType = sourcecode.c.h; path = OSSLog.h; sourceTree = "<group>"; };
		A7C303501F6D117D0000D8C0 /* OSSLog.m */ = {isa = PBXFileReference; lastKnownFileType = sourcecode.c.objc; path = OSSLog.m; sourceTree = "<group>"; };
		A7C303511F6D117D0000D8C0 /* OSSModel.h */ = {isa = PBXFileReference; lastKnownFileType = sourcecode.c.h; path = OSSModel.h; sourceTree = "<group>"; };
		A7C303521F6D117D0000D8C0 /* OSSModel.m */ = {isa = PBXFileReference; lastKnownFileType = sourcecode.c.objc; path = OSSModel.m; sourceTree = "<group>"; };
		A7C303531F6D117D0000D8C0 /* OSSNetworking.h */ = {isa = PBXFileReference; lastKnownFileType = sourcecode.c.h; path = OSSNetworking.h; sourceTree = "<group>"; };
		A7C303541F6D117D0000D8C0 /* OSSNetworking.m */ = {isa = PBXFileReference; lastKnownFileType = sourcecode.c.objc; path = OSSNetworking.m; sourceTree = "<group>"; };
		A7C303551F6D117D0000D8C0 /* OSSService.h */ = {isa = PBXFileReference; lastKnownFileType = sourcecode.c.h; path = OSSService.h; sourceTree = "<group>"; };
		A7C303571F6D117D0000D8C0 /* OSSBolts.h */ = {isa = PBXFileReference; lastKnownFileType = sourcecode.c.h; path = OSSBolts.h; sourceTree = "<group>"; };
		A7C303581F6D117D0000D8C0 /* OSSBolts.m */ = {isa = PBXFileReference; lastKnownFileType = sourcecode.c.objc; path = OSSBolts.m; sourceTree = "<group>"; };
		A7C303591F6D117D0000D8C0 /* OSSCancellationToken.h */ = {isa = PBXFileReference; lastKnownFileType = sourcecode.c.h; path = OSSCancellationToken.h; sourceTree = "<group>"; };
		A7C3035A1F6D117D0000D8C0 /* OSSCancellationToken.m */ = {isa = PBXFileReference; lastKnownFileType = sourcecode.c.objc; path = OSSCancellationToken.m; sourceTree = "<group>"; };
		A7C3035B1F6D117D0000D8C0 /* OSSCancellationTokenRegistration.h */ = {isa = PBXFileReference; lastKnownFileType = sourcecode.c.h; path = OSSCancellationTokenRegistration.h; sourceTree = "<group>"; };
		A7C3035C1F6D117D0000D8C0 /* OSSCancellationTokenRegistration.m */ = {isa = PBXFileReference; lastKnownFileType = sourcecode.c.objc; path = OSSCancellationTokenRegistration.m; sourceTree = "<group>"; };
		A7C3035D1F6D117D0000D8C0 /* OSSCancellationTokenSource.h */ = {isa = PBXFileReference; lastKnownFileType = sourcecode.c.h; path = OSSCancellationTokenSource.h; sourceTree = "<group>"; };
		A7C3035E1F6D117D0000D8C0 /* OSSCancellationTokenSource.m */ = {isa = PBXFileReference; lastKnownFileType = sourcecode.c.objc; path = OSSCancellationTokenSource.m; sourceTree = "<group>"; };
		A7C3035F1F6D117D0000D8C0 /* OSSExecutor.h */ = {isa = PBXFileReference; lastKnownFileType = sourcecode.c.h; path = OSSExecutor.h; sourceTree = "<group>"; };
		A7C303601F6D117D0000D8C0 /* OSSExecutor.m */ = {isa = PBXFileReference; lastKnownFileType = sourcecode.c.objc; path = OSSExecutor.m; sourceTree = "<group>"; };
		A7C303611F6D117D0000D8C0 /* OSSTask.h */ = {isa = PBXFileReference; lastKnownFileType = sourcecode.c.h; path = OSSTask.h; sourceTree = "<group>"; };
		A7C303621F6D117D0000D8C0 /* OSSTask.m */ = {isa = PBXFileReference; lastKnownFileType = sourcecode.c.objc; path = OSSTask.m; sourceTree = "<group>"; };
		A7C303631F6D117D0000D8C0 /* OSSTaskCompletionSource.h */ = {isa = PBXFileReference; lastKnownFileType = sourcecode.c.h; path = OSSTaskCompletionSource.h; sourceTree = "<group>"; };
		A7C303641F6D117D0000D8C0 /* OSSTaskCompletionSource.m */ = {isa = PBXFileReference; lastKnownFileType = sourcecode.c.objc; path = OSSTaskCompletionSource.m; sourceTree = "<group>"; };
		A7C303651F6D117D0000D8C0 /* OSSUtil.h */ = {isa = PBXFileReference; lastKnownFileType = sourcecode.c.h; path = OSSUtil.h; sourceTree = "<group>"; };
		A7C303661F6D117D0000D8C0 /* OSSUtil.m */ = {isa = PBXFileReference; lastKnownFileType = sourcecode.c.objc; path = OSSUtil.m; sourceTree = "<group>"; };
		A7C303671F6D117D0000D8C0 /* OSSXMLDictionary.h */ = {isa = PBXFileReference; lastKnownFileType = sourcecode.c.h; path = OSSXMLDictionary.h; sourceTree = "<group>"; };
		A7C303681F6D117D0000D8C0 /* OSSXMLDictionary.m */ = {isa = PBXFileReference; lastKnownFileType = sourcecode.c.objc; path = OSSXMLDictionary.m; sourceTree = "<group>"; };
		A7C303691F6D117D0000D8C0 /* TempOSS.m */ = {isa = PBXFileReference; lastKnownFileType = sourcecode.c.objc; path = TempOSS.m; sourceTree = "<group>"; };
		A7C3036B1F6D13770000D8C0 /* DataBaseManager.h */ = {isa = PBXFileReference; fileEncoding = 4; lastKnownFileType = sourcecode.c.h; path = DataBaseManager.h; sourceTree = "<group>"; };
		A7C3036C1F6D13770000D8C0 /* DataBaseManager.m */ = {isa = PBXFileReference; fileEncoding = 4; lastKnownFileType = sourcecode.c.objc; path = DataBaseManager.m; sourceTree = "<group>"; };
		A7C3036E1F6D13770000D8C0 /* FMDatabase.h */ = {isa = PBXFileReference; fileEncoding = 4; lastKnownFileType = sourcecode.c.h; path = FMDatabase.h; sourceTree = "<group>"; };
		A7C3036F1F6D13770000D8C0 /* FMDatabase.m */ = {isa = PBXFileReference; fileEncoding = 4; lastKnownFileType = sourcecode.c.objc; path = FMDatabase.m; sourceTree = "<group>"; };
		A7C303701F6D13770000D8C0 /* FMDatabaseAdditions.h */ = {isa = PBXFileReference; fileEncoding = 4; lastKnownFileType = sourcecode.c.h; path = FMDatabaseAdditions.h; sourceTree = "<group>"; };
		A7C303711F6D13770000D8C0 /* FMDatabaseAdditions.m */ = {isa = PBXFileReference; fileEncoding = 4; lastKnownFileType = sourcecode.c.objc; path = FMDatabaseAdditions.m; sourceTree = "<group>"; };
		A7C303721F6D13770000D8C0 /* FMDatabasePool.h */ = {isa = PBXFileReference; fileEncoding = 4; lastKnownFileType = sourcecode.c.h; path = FMDatabasePool.h; sourceTree = "<group>"; };
		A7C303731F6D13770000D8C0 /* FMDatabasePool.m */ = {isa = PBXFileReference; fileEncoding = 4; lastKnownFileType = sourcecode.c.objc; path = FMDatabasePool.m; sourceTree = "<group>"; };
		A7C303741F6D13770000D8C0 /* FMDatabaseQueue.h */ = {isa = PBXFileReference; fileEncoding = 4; lastKnownFileType = sourcecode.c.h; path = FMDatabaseQueue.h; sourceTree = "<group>"; };
		A7C303751F6D13770000D8C0 /* FMDatabaseQueue.m */ = {isa = PBXFileReference; fileEncoding = 4; lastKnownFileType = sourcecode.c.objc; path = FMDatabaseQueue.m; sourceTree = "<group>"; };
		A7C303761F6D13770000D8C0 /* FMDB.h */ = {isa = PBXFileReference; fileEncoding = 4; lastKnownFileType = sourcecode.c.h; path = FMDB.h; sourceTree = "<group>"; };
		A7C303771F6D13770000D8C0 /* FMResultSet.h */ = {isa = PBXFileReference; fileEncoding = 4; lastKnownFileType = sourcecode.c.h; path = FMResultSet.h; sourceTree = "<group>"; };
		A7C303781F6D13770000D8C0 /* FMResultSet.m */ = {isa = PBXFileReference; fileEncoding = 4; lastKnownFileType = sourcecode.c.objc; path = FMResultSet.m; sourceTree = "<group>"; };
		A7C3037C1F6D13770000D8C0 /* NetworkKit.h */ = {isa = PBXFileReference; fileEncoding = 4; lastKnownFileType = sourcecode.c.h; path = NetworkKit.h; sourceTree = "<group>"; };
		A7C3037D1F6D13770000D8C0 /* NetworkKit.m */ = {isa = PBXFileReference; fileEncoding = 4; lastKnownFileType = sourcecode.c.objc; path = NetworkKit.m; sourceTree = "<group>"; };
		A7C3037E1F6D13770000D8C0 /* UploadModel.h */ = {isa = PBXFileReference; fileEncoding = 4; lastKnownFileType = sourcecode.c.h; path = UploadModel.h; sourceTree = "<group>"; };
		A7C3037F1F6D13770000D8C0 /* UploadModel.m */ = {isa = PBXFileReference; fileEncoding = 4; lastKnownFileType = sourcecode.c.objc; path = UploadModel.m; sourceTree = "<group>"; };
		A7C303891F6D13810000D8C0 /* GoodsShelfDataManager.h */ = {isa = PBXFileReference; fileEncoding = 4; lastKnownFileType = sourcecode.c.h; path = GoodsShelfDataManager.h; sourceTree = "<group>"; };
		A7C3038A1F6D13810000D8C0 /* GoodsShelfDataManager.m */ = {isa = PBXFileReference; fileEncoding = 4; lastKnownFileType = sourcecode.c.objc; path = GoodsShelfDataManager.m; sourceTree = "<group>"; };
		A7C3038D1F6D14EE0000D8C0 /* libresolv.tbd */ = {isa = PBXFileReference; lastKnownFileType = "sourcecode.text-based-dylib-definition"; name = libresolv.tbd; path = usr/lib/libresolv.tbd; sourceTree = SDKROOT; };
		A7C3038F1F6D14F60000D8C0 /* SystemConfiguration.framework */ = {isa = PBXFileReference; lastKnownFileType = wrapper.framework; name = SystemConfiguration.framework; path = System/Library/Frameworks/SystemConfiguration.framework; sourceTree = SDKROOT; };
/* End PBXFileReference section */

/* Begin PBXFrameworksBuildPhase section */
		8363E9781F4C4C24004B7ACA /* Frameworks */ = {
			isa = PBXFrameworksBuildPhase;
			buildActionMask = 2147483647;
			files = (
				835415551F6D1C6800CB7B77 /* libOSS.a in Frameworks */,
				835415541F6D16F400CB7B77 /* libsqlite3.tbd in Frameworks */,
				A7C303901F6D14F70000D8C0 /* SystemConfiguration.framework in Frameworks */,
				A7C3038E1F6D14EE0000D8C0 /* libresolv.tbd in Frameworks */,
			);
			runOnlyForDeploymentPostprocessing = 0;
		};
		8363E9911F4C4C24004B7ACA /* Frameworks */ = {
			isa = PBXFrameworksBuildPhase;
			buildActionMask = 2147483647;
			files = (
			);
			runOnlyForDeploymentPostprocessing = 0;
		};
		8363E99C1F4C4C24004B7ACA /* Frameworks */ = {
			isa = PBXFrameworksBuildPhase;
			buildActionMask = 2147483647;
			files = (
			);
			runOnlyForDeploymentPostprocessing = 0;
		};
/* End PBXFrameworksBuildPhase section */

/* Begin PBXGroup section */
		8363E9721F4C4C24004B7ACA = {
			isa = PBXGroup;
			children = (
				8363E97D1F4C4C24004B7ACA /* takePhotoAPP */,
				8363E9971F4C4C24004B7ACA /* takePhotoAPPTests */,
				8363E9A21F4C4C24004B7ACA /* takePhotoAPPUITests */,
				8363E97C1F4C4C24004B7ACA /* Products */,
				A7C3038C1F6D14EE0000D8C0 /* Frameworks */,
			);
			sourceTree = "<group>";
		};
		8363E97C1F4C4C24004B7ACA /* Products */ = {
			isa = PBXGroup;
			children = (
				8363E97B1F4C4C24004B7ACA /* takePhotoAPP.app */,
				8363E9941F4C4C24004B7ACA /* takePhotoAPPTests.xctest */,
				8363E99F1F4C4C24004B7ACA /* takePhotoAPPUITests.xctest */,
			);
			name = Products;
			sourceTree = "<group>";
		};
		8363E97D1F4C4C24004B7ACA /* takePhotoAPP */ = {
			isa = PBXGroup;
			children = (
				837341241F7112DB00292FE5 /* newsPic1.jpg */,
				837341211F7112DA00292FE5 /* newsPic2.jpg */,
				837341221F7112DB00292FE5 /* newsPic3.jpg */,
				837341231F7112DB00292FE5 /* newsPic4.jpg */,
				A7C3036A1F6D13770000D8C0 /* database */,
				A7C303791F6D13770000D8C0 /* Network */,
				A7C3033C1F6D11650000D8C0 /* lib */,
				A7676DE61F655380004859D0 /* Category */,
				A7676DE21F651F01004859D0 /* 000.JPG */,
				8363E9811F4C4C24004B7ACA /* AppDelegate.h */,
				8363E9821F4C4C24004B7ACA /* AppDelegate.m */,
				8363E9841F4C4C24004B7ACA /* ViewController.h */,
				8363E9851F4C4C24004B7ACA /* ViewController.m */,
				A7C931CC1F63B0A600EC1AD9 /* CameraPage */,
				8363E9B51F4C4E30004B7ACA /* GoodsShelfPage */,
				8363E97E1F4C4C24004B7ACA /* Supporting Files */,
			);
			path = takePhotoAPP;
			sourceTree = "<group>";
		};
		8363E97E1F4C4C24004B7ACA /* Supporting Files */ = {
			isa = PBXGroup;
			children = (
				8363E98A1F4C4C24004B7ACA /* Assets.xcassets */,
				8363E98C1F4C4C24004B7ACA /* LaunchScreen.storyboard */,
				8363E9B41F4C4D2E004B7ACA /* PrefixHeader.pch */,
				8363E98F1F4C4C24004B7ACA /* Info.plist */,
				8363E97F1F4C4C24004B7ACA /* main.m */,
			);
			name = "Supporting Files";
			sourceTree = "<group>";
		};
		8363E9971F4C4C24004B7ACA /* takePhotoAPPTests */ = {
			isa = PBXGroup;
			children = (
				8363E9981F4C4C24004B7ACA /* takePhotoAPPTests.m */,
				8363E99A1F4C4C24004B7ACA /* Info.plist */,
			);
			path = takePhotoAPPTests;
			sourceTree = "<group>";
		};
		8363E9A21F4C4C24004B7ACA /* takePhotoAPPUITests */ = {
			isa = PBXGroup;
			children = (
				8363E9A31F4C4C24004B7ACA /* takePhotoAPPUITests.m */,
				8363E9A51F4C4C24004B7ACA /* Info.plist */,
			);
			path = takePhotoAPPUITests;
			sourceTree = "<group>";
		};
		8363E9B51F4C4E30004B7ACA /* GoodsShelfPage */ = {
			isa = PBXGroup;
			children = (
				A7C303891F6D13810000D8C0 /* GoodsShelfDataManager.h */,
				A7C3038A1F6D13810000D8C0 /* GoodsShelfDataManager.m */,
				8363E9B61F4C4E30004B7ACA /* GoodsShelfViewController.h */,
				8363E9B71F4C4E30004B7ACA /* GoodsShelfViewController.m */,
				8363E9B91F4D1708004B7ACA /* GoodsShelfTableViewCell.h */,
				8363E9BA1F4D1708004B7ACA /* GoodsShelfTableViewCell.m */,
				8363E9CC1F4D1DBF004B7ACA /* GoodsShelfModel.h */,
				8363E9CD1F4D1DBF004B7ACA /* GoodsShelfModel.m */,
				838ACB1F1F67D1B400D19ACE /* GoodsShelfTopBar.h */,
				838ACB201F67D1B400D19ACE /* GoodsShelfTopBar.m */,
			);
			path = GoodsShelfPage;
			sourceTree = "<group>";
		};
		849943881F6A9D3400F76836 /* Model */ = {
			isa = PBXGroup;
			children = (
				849943851F6A9CF900F76836 /* ImageModel.h */,
				849943861F6A9CF900F76836 /* ImageModel.m */,
			);
			name = Model;
			sourceTree = "<group>";
		};
		A7676DD21F64EAB9004859D0 /* PreViewPhotos */ = {
			isa = PBXGroup;
			children = (
				849943881F6A9D3400F76836 /* Model */,
				A7676DD71F64EAB9004859D0 /* View */,
				A7676DD31F64EAB9004859D0 /* CustomCollectionViewLayout.h */,
				A7676DD41F64EAB9004859D0 /* CustomCollectionViewLayout.m */,
				A7C303351F6CF1EF0000D8C0 /* GSPrewViewController.h */,
				A7C303361F6CF1EF0000D8C0 /* GSPrewViewController.m */,
			);
			path = PreViewPhotos;
			sourceTree = "<group>";
		};
		A7676DD71F64EAB9004859D0 /* View */ = {
			isa = PBXGroup;
			children = (
				A7676DED1F65814E004859D0 /* GSImage.h */,
				A7676DEE1F65814E004859D0 /* GSImage.m */,
				A7676DD81F64EAB9004859D0 /* GSChoosePhotosView.h */,
				A7676DD91F64EAB9004859D0 /* GSChoosePhotosView.m */,
				A7676DEA1F657FE3004859D0 /* GSThumbnailViewCell.h */,
				A7676DEB1F657FE3004859D0 /* GSThumbnailViewCell.m */,
				843A89911F663713007B7496 /* GSProgressView.h */,
				843A89921F663713007B7496 /* GSProgressView.m */,
			);
			path = View;
			sourceTree = "<group>";
		};
		A7676DDD1F64EAD3004859D0 /* base */ = {
			isa = PBXGroup;
			children = (
				A75425B91F6F5FF0002E4D80 /* BIAlertViewController.h */,
				A75425BA1F6F5FF0002E4D80 /* BIAlertViewController.m */,
				A7676DDE1F64EAD3004859D0 /* CameraBaseViewController.h */,
				A7676DDF1F64EAD3004859D0 /* CameraBaseViewController.m */,
				A7676DE01F64EAD3004859D0 /* CameraUIConstant.h */,
			);
			path = base;
			sourceTree = "<group>";
		};
		A7676DE61F655380004859D0 /* Category */ = {
			isa = PBXGroup;
			children = (
				A7676DE71F6553BB004859D0 /* UIImage+imageHelper.h */,
				A7676DE81F6553BB004859D0 /* UIImage+imageHelper.m */,
			);
			name = Category;
			sourceTree = "<group>";
		};
		A7C3033C1F6D11650000D8C0 /* lib */ = {
			isa = PBXGroup;
			children = (
				A7C303401F6D117D0000D8C0 /* AliyunOSSiOS */,
				A7C3033F1F6D117C0000D8C0 /* TempOSS.h */,
				A7C303691F6D117D0000D8C0 /* TempOSS.m */,
				A7C3033E1F6D116C0000D8C0 /* AliyunOSS.h */,
				A7C3033D1F6D116C0000D8C0 /* libOSS.a */,
			);
			path = lib;
			sourceTree = "<group>";
		};
		A7C303401F6D117D0000D8C0 /* AliyunOSSiOS */ = {
			isa = PBXGroup;
			children = (
				A7C303411F6D117D0000D8C0 /* OSSClient.h */,
				A7C303421F6D117D0000D8C0 /* OSSClient.m */,
				A7C303431F6D117D0000D8C0 /* OSSCompat.h */,
				A7C303441F6D117D0000D8C0 /* OSSCompat.m */,
				A7C303451F6D117D0000D8C0 /* OSSDefine.h */,
				A7C303461F6D117D0000D8C0 /* OSSHttpdns.h */,
				A7C303471F6D117D0000D8C0 /* OSSHttpdns.m */,
				A7C303481F6D117D0000D8C0 /* OSSIPv6 */,
				A7C3034F1F6D117D0000D8C0 /* OSSLog.h */,
				A7C303501F6D117D0000D8C0 /* OSSLog.m */,
				A7C303511F6D117D0000D8C0 /* OSSModel.h */,
				A7C303521F6D117D0000D8C0 /* OSSModel.m */,
				A7C303531F6D117D0000D8C0 /* OSSNetworking.h */,
				A7C303541F6D117D0000D8C0 /* OSSNetworking.m */,
				A7C303551F6D117D0000D8C0 /* OSSService.h */,
				A7C303561F6D117D0000D8C0 /* OSSTask */,
				A7C303651F6D117D0000D8C0 /* OSSUtil.h */,
				A7C303661F6D117D0000D8C0 /* OSSUtil.m */,
				A7C303671F6D117D0000D8C0 /* OSSXMLDictionary.h */,
				A7C303681F6D117D0000D8C0 /* OSSXMLDictionary.m */,
			);
			path = AliyunOSSiOS;
			sourceTree = "<group>";
		};
		A7C303481F6D117D0000D8C0 /* OSSIPv6 */ = {
			isa = PBXGroup;
			children = (
				A7C303491F6D117D0000D8C0 /* OSSIPv6Adapter.h */,
				A7C3034A1F6D117D0000D8C0 /* OSSIPv6Adapter.m */,
				A7C3034B1F6D117D0000D8C0 /* OSSIPv6PrefixResolver.h */,
				A7C3034C1F6D117D0000D8C0 /* OSSIPv6PrefixResolver.m */,
				A7C3034D1F6D117D0000D8C0 /* OSSReachabilityManager.h */,
				A7C3034E1F6D117D0000D8C0 /* OSSReachabilityManager.m */,
			);
			path = OSSIPv6;
			sourceTree = "<group>";
		};
		A7C303561F6D117D0000D8C0 /* OSSTask */ = {
			isa = PBXGroup;
			children = (
				A7C303571F6D117D0000D8C0 /* OSSBolts.h */,
				A7C303581F6D117D0000D8C0 /* OSSBolts.m */,
				A7C303591F6D117D0000D8C0 /* OSSCancellationToken.h */,
				A7C3035A1F6D117D0000D8C0 /* OSSCancellationToken.m */,
				A7C3035B1F6D117D0000D8C0 /* OSSCancellationTokenRegistration.h */,
				A7C3035C1F6D117D0000D8C0 /* OSSCancellationTokenRegistration.m */,
				A7C3035D1F6D117D0000D8C0 /* OSSCancellationTokenSource.h */,
				A7C3035E1F6D117D0000D8C0 /* OSSCancellationTokenSource.m */,
				A7C3035F1F6D117D0000D8C0 /* OSSExecutor.h */,
				A7C303601F6D117D0000D8C0 /* OSSExecutor.m */,
				A7C303611F6D117D0000D8C0 /* OSSTask.h */,
				A7C303621F6D117D0000D8C0 /* OSSTask.m */,
				A7C303631F6D117D0000D8C0 /* OSSTaskCompletionSource.h */,
				A7C303641F6D117D0000D8C0 /* OSSTaskCompletionSource.m */,
			);
			path = OSSTask;
			sourceTree = "<group>";
		};
		A7C3036A1F6D13770000D8C0 /* database */ = {
			isa = PBXGroup;
			children = (
				A7C3036B1F6D13770000D8C0 /* DataBaseManager.h */,
				A7C3036C1F6D13770000D8C0 /* DataBaseManager.m */,
				A7C3036D1F6D13770000D8C0 /* fmdb */,
			);
			path = database;
			sourceTree = "<group>";
		};
		A7C3036D1F6D13770000D8C0 /* fmdb */ = {
			isa = PBXGroup;
			children = (
				A7C3036E1F6D13770000D8C0 /* FMDatabase.h */,
				A7C3036F1F6D13770000D8C0 /* FMDatabase.m */,
				A7C303701F6D13770000D8C0 /* FMDatabaseAdditions.h */,
				A7C303711F6D13770000D8C0 /* FMDatabaseAdditions.m */,
				A7C303721F6D13770000D8C0 /* FMDatabasePool.h */,
				A7C303731F6D13770000D8C0 /* FMDatabasePool.m */,
				A7C303741F6D13770000D8C0 /* FMDatabaseQueue.h */,
				A7C303751F6D13770000D8C0 /* FMDatabaseQueue.m */,
				A7C303761F6D13770000D8C0 /* FMDB.h */,
				A7C303771F6D13770000D8C0 /* FMResultSet.h */,
				A7C303781F6D13770000D8C0 /* FMResultSet.m */,
			);
			path = fmdb;
			sourceTree = "<group>";
		};
		A7C303791F6D13770000D8C0 /* Network */ = {
			isa = PBXGroup;
			children = (
				A7C3037C1F6D13770000D8C0 /* NetworkKit.h */,
				A7C3037D1F6D13770000D8C0 /* NetworkKit.m */,
				A7C3037E1F6D13770000D8C0 /* UploadModel.h */,
				A7C3037F1F6D13770000D8C0 /* UploadModel.m */,
			);
			path = Network;
			sourceTree = "<group>";
		};
		A7C3038C1F6D14EE0000D8C0 /* Frameworks */ = {
			isa = PBXGroup;
			children = (
				835415531F6D16F400CB7B77 /* libsqlite3.tbd */,
				A7C3038F1F6D14F60000D8C0 /* SystemConfiguration.framework */,
				A7C3038D1F6D14EE0000D8C0 /* libresolv.tbd */,
			);
			name = Frameworks;
			sourceTree = "<group>";
		};
		A7C931CC1F63B0A600EC1AD9 /* CameraPage */ = {
			isa = PBXGroup;
			children = (
				A7676DDD1F64EAD3004859D0 /* base */,
				A7676DD21F64EAB9004859D0 /* PreViewPhotos */,
				A75803F31F63DE8D00DADBE1 /* CameraViewController.h */,
				A75803F41F63DE8D00DADBE1 /* CameraViewController.m */,
			);
			path = CameraPage;
			sourceTree = "<group>";
		};
/* End PBXGroup section */

/* Begin PBXNativeTarget section */
		8363E97A1F4C4C24004B7ACA /* takePhotoAPP */ = {
			isa = PBXNativeTarget;
			buildConfigurationList = 8363E9A81F4C4C24004B7ACA /* Build configuration list for PBXNativeTarget "takePhotoAPP" */;
			buildPhases = (
				8363E9771F4C4C24004B7ACA /* Sources */,
				8363E9781F4C4C24004B7ACA /* Frameworks */,
				8363E9791F4C4C24004B7ACA /* Resources */,
			);
			buildRules = (
			);
			dependencies = (
			);
			name = takePhotoAPP;
			productName = takePhotoAPP;
			productReference = 8363E97B1F4C4C24004B7ACA /* takePhotoAPP.app */;
			productType = "com.apple.product-type.application";
		};
		8363E9931F4C4C24004B7ACA /* takePhotoAPPTests */ = {
			isa = PBXNativeTarget;
			buildConfigurationList = 8363E9AB1F4C4C24004B7ACA /* Build configuration list for PBXNativeTarget "takePhotoAPPTests" */;
			buildPhases = (
				8363E9901F4C4C24004B7ACA /* Sources */,
				8363E9911F4C4C24004B7ACA /* Frameworks */,
				8363E9921F4C4C24004B7ACA /* Resources */,
			);
			buildRules = (
			);
			dependencies = (
				8363E9961F4C4C24004B7ACA /* PBXTargetDependency */,
			);
			name = takePhotoAPPTests;
			productName = takePhotoAPPTests;
			productReference = 8363E9941F4C4C24004B7ACA /* takePhotoAPPTests.xctest */;
			productType = "com.apple.product-type.bundle.unit-test";
		};
		8363E99E1F4C4C24004B7ACA /* takePhotoAPPUITests */ = {
			isa = PBXNativeTarget;
			buildConfigurationList = 8363E9AE1F4C4C24004B7ACA /* Build configuration list for PBXNativeTarget "takePhotoAPPUITests" */;
			buildPhases = (
				8363E99B1F4C4C24004B7ACA /* Sources */,
				8363E99C1F4C4C24004B7ACA /* Frameworks */,
				8363E99D1F4C4C24004B7ACA /* Resources */,
			);
			buildRules = (
			);
			dependencies = (
				8363E9A11F4C4C24004B7ACA /* PBXTargetDependency */,
			);
			name = takePhotoAPPUITests;
			productName = takePhotoAPPUITests;
			productReference = 8363E99F1F4C4C24004B7ACA /* takePhotoAPPUITests.xctest */;
			productType = "com.apple.product-type.bundle.ui-testing";
		};
/* End PBXNativeTarget section */

/* Begin PBXProject section */
		8363E9731F4C4C24004B7ACA /* Project object */ = {
			isa = PBXProject;
			attributes = {
				LastUpgradeCheck = 0820;
				ORGANIZATIONNAME = teamOutPut;
				TargetAttributes = {
					8363E97A1F4C4C24004B7ACA = {
						CreatedOnToolsVersion = 8.2;
						DevelopmentTeam = G583SJY324;
						ProvisioningStyle = Automatic;
					};
					8363E9931F4C4C24004B7ACA = {
						CreatedOnToolsVersion = 8.2;
						DevelopmentTeam = 5VMXNS7PPW;
						ProvisioningStyle = Automatic;
						TestTargetID = 8363E97A1F4C4C24004B7ACA;
					};
					8363E99E1F4C4C24004B7ACA = {
						CreatedOnToolsVersion = 8.2;
						DevelopmentTeam = 5VMXNS7PPW;
						ProvisioningStyle = Automatic;
						TestTargetID = 8363E97A1F4C4C24004B7ACA;
					};
				};
			};
			buildConfigurationList = 8363E9761F4C4C24004B7ACA /* Build configuration list for PBXProject "takePhotoAPP" */;
			compatibilityVersion = "Xcode 3.2";
			developmentRegion = English;
			hasScannedForEncodings = 0;
			knownRegions = (
				en,
				Base,
			);
			mainGroup = 8363E9721F4C4C24004B7ACA;
			productRefGroup = 8363E97C1F4C4C24004B7ACA /* Products */;
			projectDirPath = "";
			projectRoot = "";
			targets = (
				8363E97A1F4C4C24004B7ACA /* takePhotoAPP */,
				8363E9931F4C4C24004B7ACA /* takePhotoAPPTests */,
				8363E99E1F4C4C24004B7ACA /* takePhotoAPPUITests */,
			);
		};
/* End PBXProject section */

/* Begin PBXResourcesBuildPhase section */
		8363E9791F4C4C24004B7ACA /* Resources */ = {
			isa = PBXResourcesBuildPhase;
			buildActionMask = 2147483647;
			files = (
				837341251F71141C00292FE5 /* newsPic1.jpg in Resources */,
				837341261F71141C00292FE5 /* newsPic2.jpg in Resources */,
				837341271F71141C00292FE5 /* newsPic3.jpg in Resources */,
				837341281F71141C00292FE5 /* newsPic4.jpg in Resources */,
				8363E98E1F4C4C24004B7ACA /* LaunchScreen.storyboard in Resources */,
				8363E98B1F4C4C24004B7ACA /* Assets.xcassets in Resources */,
				A7676DE31F651F01004859D0 /* 000.JPG in Resources */,
			);
			runOnlyForDeploymentPostprocessing = 0;
		};
		8363E9921F4C4C24004B7ACA /* Resources */ = {
			isa = PBXResourcesBuildPhase;
			buildActionMask = 2147483647;
			files = (
			);
			runOnlyForDeploymentPostprocessing = 0;
		};
		8363E99D1F4C4C24004B7ACA /* Resources */ = {
			isa = PBXResourcesBuildPhase;
			buildActionMask = 2147483647;
			files = (
			);
			runOnlyForDeploymentPostprocessing = 0;
		};
/* End PBXResourcesBuildPhase section */

/* Begin PBXSourcesBuildPhase section */
		8363E9771F4C4C24004B7ACA /* Sources */ = {
			isa = PBXSourcesBuildPhase;
			buildActionMask = 2147483647;
			files = (
				835415561F6D207900CB7B77 /* TempOSS.m in Sources */,
				838ACB211F67D1B400D19ACE /* GoodsShelfTopBar.m in Sources */,
				8363E9861F4C4C24004B7ACA /* ViewController.m in Sources */,
				A7C3038B1F6D13810000D8C0 /* GoodsShelfDataManager.m in Sources */,
				A7C303881F6D13770000D8C0 /* UploadModel.m in Sources */,
				A7C303871F6D13770000D8C0 /* NetworkKit.m in Sources */,
				843A89931F663713007B7496 /* GSProgressView.m in Sources */,
				A7C303831F6D13770000D8C0 /* FMDatabasePool.m in Sources */,
				A7C303811F6D13770000D8C0 /* FMDatabase.m in Sources */,
				849943871F6A9CF900F76836 /* ImageModel.m in Sources */,
				A7C303801F6D13770000D8C0 /* DataBaseManager.m in Sources */,
				A7676DEF1F65814E004859D0 /* GSImage.m in Sources */,
				A7C303821F6D13770000D8C0 /* FMDatabaseAdditions.m in Sources */,
				8363E9BB1F4D1708004B7ACA /* GoodsShelfTableViewCell.m in Sources */,
				A7676DE11F64EAD3004859D0 /* CameraBaseViewController.m in Sources */,
				A7676DE91F6553BB004859D0 /* UIImage+imageHelper.m in Sources */,
				A7C303371F6CF1EF0000D8C0 /* GSPrewViewController.m in Sources */,
				A7676DDA1F64EAB9004859D0 /* CustomCollectionViewLayout.m in Sources */,
				8363E9831F4C4C24004B7ACA /* AppDelegate.m in Sources */,
				A7C303841F6D13770000D8C0 /* FMDatabaseQueue.m in Sources */,
				8363E9CE1F4D1DBF004B7ACA /* GoodsShelfModel.m in Sources */,
				A7C303851F6D13770000D8C0 /* FMResultSet.m in Sources */,
				A75425BB1F6F5FF0002E4D80 /* BIAlertViewController.m in Sources */,
				8363E9B81F4C4E30004B7ACA /* GoodsShelfViewController.m in Sources */,
				A75803F51F63DE8D00DADBE1 /* CameraViewController.m in Sources */,
				A7676DEC1F657FE3004859D0 /* GSThumbnailViewCell.m in Sources */,
				A7676DDC1F64EAB9004859D0 /* GSChoosePhotosView.m in Sources */,
				8363E9801F4C4C24004B7ACA /* main.m in Sources */,
			);
			runOnlyForDeploymentPostprocessing = 0;
		};
		8363E9901F4C4C24004B7ACA /* Sources */ = {
			isa = PBXSourcesBuildPhase;
			buildActionMask = 2147483647;
			files = (
				8363E9991F4C4C24004B7ACA /* takePhotoAPPTests.m in Sources */,
			);
			runOnlyForDeploymentPostprocessing = 0;
		};
		8363E99B1F4C4C24004B7ACA /* Sources */ = {
			isa = PBXSourcesBuildPhase;
			buildActionMask = 2147483647;
			files = (
				8363E9A41F4C4C24004B7ACA /* takePhotoAPPUITests.m in Sources */,
			);
			runOnlyForDeploymentPostprocessing = 0;
		};
/* End PBXSourcesBuildPhase section */

/* Begin PBXTargetDependency section */
		8363E9961F4C4C24004B7ACA /* PBXTargetDependency */ = {
			isa = PBXTargetDependency;
			target = 8363E97A1F4C4C24004B7ACA /* takePhotoAPP */;
			targetProxy = 8363E9951F4C4C24004B7ACA /* PBXContainerItemProxy */;
		};
		8363E9A11F4C4C24004B7ACA /* PBXTargetDependency */ = {
			isa = PBXTargetDependency;
			target = 8363E97A1F4C4C24004B7ACA /* takePhotoAPP */;
			targetProxy = 8363E9A01F4C4C24004B7ACA /* PBXContainerItemProxy */;
		};
/* End PBXTargetDependency section */

/* Begin PBXVariantGroup section */
		8363E98C1F4C4C24004B7ACA /* LaunchScreen.storyboard */ = {
			isa = PBXVariantGroup;
			children = (
				8363E98D1F4C4C24004B7ACA /* Base */,
			);
			name = LaunchScreen.storyboard;
			sourceTree = "<group>";
		};
/* End PBXVariantGroup section */

/* Begin XCBuildConfiguration section */
		8363E9A61F4C4C24004B7ACA /* Debug */ = {
			isa = XCBuildConfiguration;
			buildSettings = {
				ALWAYS_SEARCH_USER_PATHS = NO;
				CLANG_ANALYZER_NONNULL = YES;
				CLANG_CXX_LANGUAGE_STANDARD = "gnu++0x";
				CLANG_CXX_LIBRARY = "libc++";
				CLANG_ENABLE_MODULES = YES;
				CLANG_ENABLE_OBJC_ARC = YES;
				CLANG_WARN_BOOL_CONVERSION = YES;
				CLANG_WARN_CONSTANT_CONVERSION = YES;
				CLANG_WARN_DIRECT_OBJC_ISA_USAGE = YES_ERROR;
				CLANG_WARN_DOCUMENTATION_COMMENTS = YES;
				CLANG_WARN_EMPTY_BODY = YES;
				CLANG_WARN_ENUM_CONVERSION = YES;
				CLANG_WARN_INFINITE_RECURSION = YES;
				CLANG_WARN_INT_CONVERSION = YES;
				CLANG_WARN_OBJC_ROOT_CLASS = YES_ERROR;
				CLANG_WARN_SUSPICIOUS_MOVE = YES;
				CLANG_WARN_UNREACHABLE_CODE = YES;
				CLANG_WARN__DUPLICATE_METHOD_MATCH = YES;
				"CODE_SIGN_IDENTITY[sdk=iphoneos*]" = "iPhone Developer";
				COPY_PHASE_STRIP = NO;
				DEBUG_INFORMATION_FORMAT = dwarf;
				ENABLE_STRICT_OBJC_MSGSEND = YES;
				ENABLE_TESTABILITY = YES;
				GCC_C_LANGUAGE_STANDARD = gnu99;
				GCC_DYNAMIC_NO_PIC = NO;
				GCC_NO_COMMON_BLOCKS = YES;
				GCC_OPTIMIZATION_LEVEL = 0;
				GCC_PREPROCESSOR_DEFINITIONS = (
					"DEBUG=1",
					"$(inherited)",
				);
				GCC_WARN_64_TO_32_BIT_CONVERSION = YES;
				GCC_WARN_ABOUT_RETURN_TYPE = YES_ERROR;
				GCC_WARN_UNDECLARED_SELECTOR = YES;
				GCC_WARN_UNINITIALIZED_AUTOS = YES_AGGRESSIVE;
				GCC_WARN_UNUSED_FUNCTION = YES;
				GCC_WARN_UNUSED_VARIABLE = YES;
				IPHONEOS_DEPLOYMENT_TARGET = 10.2;
				MTL_ENABLE_DEBUG_INFO = YES;
				ONLY_ACTIVE_ARCH = YES;
				SDKROOT = iphoneos;
			};
			name = Debug;
		};
		8363E9A71F4C4C24004B7ACA /* Release */ = {
			isa = XCBuildConfiguration;
			buildSettings = {
				ALWAYS_SEARCH_USER_PATHS = NO;
				CLANG_ANALYZER_NONNULL = YES;
				CLANG_CXX_LANGUAGE_STANDARD = "gnu++0x";
				CLANG_CXX_LIBRARY = "libc++";
				CLANG_ENABLE_MODULES = YES;
				CLANG_ENABLE_OBJC_ARC = YES;
				CLANG_WARN_BOOL_CONVERSION = YES;
				CLANG_WARN_CONSTANT_CONVERSION = YES;
				CLANG_WARN_DIRECT_OBJC_ISA_USAGE = YES_ERROR;
				CLANG_WARN_DOCUMENTATION_COMMENTS = YES;
				CLANG_WARN_EMPTY_BODY = YES;
				CLANG_WARN_ENUM_CONVERSION = YES;
				CLANG_WARN_INFINITE_RECURSION = YES;
				CLANG_WARN_INT_CONVERSION = YES;
				CLANG_WARN_OBJC_ROOT_CLASS = YES_ERROR;
				CLANG_WARN_SUSPICIOUS_MOVE = YES;
				CLANG_WARN_UNREACHABLE_CODE = YES;
				CLANG_WARN__DUPLICATE_METHOD_MATCH = YES;
				"CODE_SIGN_IDENTITY[sdk=iphoneos*]" = "iPhone Developer";
				COPY_PHASE_STRIP = NO;
				DEBUG_INFORMATION_FORMAT = "dwarf-with-dsym";
				ENABLE_NS_ASSERTIONS = NO;
				ENABLE_STRICT_OBJC_MSGSEND = YES;
				GCC_C_LANGUAGE_STANDARD = gnu99;
				GCC_NO_COMMON_BLOCKS = YES;
				GCC_WARN_64_TO_32_BIT_CONVERSION = YES;
				GCC_WARN_ABOUT_RETURN_TYPE = YES_ERROR;
				GCC_WARN_UNDECLARED_SELECTOR = YES;
				GCC_WARN_UNINITIALIZED_AUTOS = YES_AGGRESSIVE;
				GCC_WARN_UNUSED_FUNCTION = YES;
				GCC_WARN_UNUSED_VARIABLE = YES;
				IPHONEOS_DEPLOYMENT_TARGET = 10.2;
				MTL_ENABLE_DEBUG_INFO = NO;
				SDKROOT = iphoneos;
				VALIDATE_PRODUCT = YES;
			};
			name = Release;
		};
		8363E9A91F4C4C24004B7ACA /* Debug */ = {
			isa = XCBuildConfiguration;
			buildSettings = {
				ASSETCATALOG_COMPILER_APPICON_NAME = AppIcon;
				DEVELOPMENT_TEAM = G583SJY324;
				GCC_INCREASE_PRECOMPILED_HEADER_SHARING = YES;
				GCC_PRECOMPILE_PREFIX_HEADER = YES;
				GCC_PREFIX_HEADER = "$(SRCROOT)/$(PROJECT_NAME)/PrefixHeader.pch";
				INFOPLIST_FILE = takePhotoAPP/Info.plist;
				IPHONEOS_DEPLOYMENT_TARGET = 8.0;
				LD_RUNPATH_SEARCH_PATHS = "$(inherited) @executable_path/Frameworks";
				LIBRARY_SEARCH_PATHS = (
					"$(inherited)",
					"$(PROJECT_DIR)/takePhotoAPP/lib",
				);
				OTHER_LDFLAGS = "-ObjC";
				PRODUCT_BUNDLE_IDENTIFIER = takePhotoAPP.takePhotoAPP;
				PRODUCT_NAME = "$(TARGET_NAME)";
			};
			name = Debug;
		};
		8363E9AA1F4C4C24004B7ACA /* Release */ = {
			isa = XCBuildConfiguration;
			buildSettings = {
				ASSETCATALOG_COMPILER_APPICON_NAME = AppIcon;
				DEVELOPMENT_TEAM = G583SJY324;
				GCC_INCREASE_PRECOMPILED_HEADER_SHARING = YES;
				GCC_PRECOMPILE_PREFIX_HEADER = YES;
				GCC_PREFIX_HEADER = "$(SRCROOT)/$(PROJECT_NAME)/PrefixHeader.pch";
				INFOPLIST_FILE = takePhotoAPP/Info.plist;
				IPHONEOS_DEPLOYMENT_TARGET = 8.0;
				LD_RUNPATH_SEARCH_PATHS = "$(inherited) @executable_path/Frameworks";
				LIBRARY_SEARCH_PATHS = (
					"$(inherited)",
					"$(PROJECT_DIR)/takePhotoAPP/lib",
				);
				OTHER_LDFLAGS = "-ObjC";
				PRODUCT_BUNDLE_IDENTIFIER = takePhotoAPP.takePhotoAPP;
				PRODUCT_NAME = "$(TARGET_NAME)";
			};
			name = Release;
		};
		8363E9AC1F4C4C24004B7ACA /* Debug */ = {
			isa = XCBuildConfiguration;
			buildSettings = {
				BUNDLE_LOADER = "$(TEST_HOST)";
				DEVELOPMENT_TEAM = 5VMXNS7PPW;
				INFOPLIST_FILE = takePhotoAPPTests/Info.plist;
				LD_RUNPATH_SEARCH_PATHS = "$(inherited) @executable_path/Frameworks @loader_path/Frameworks";
				PRODUCT_BUNDLE_IDENTIFIER = takePhotoAPP.takePhotoAPPTests;
				PRODUCT_NAME = "$(TARGET_NAME)";
				TEST_HOST = "$(BUILT_PRODUCTS_DIR)/takePhotoAPP.app/takePhotoAPP";
			};
			name = Debug;
		};
		8363E9AD1F4C4C24004B7ACA /* Release */ = {
			isa = XCBuildConfiguration;
			buildSettings = {
				BUNDLE_LOADER = "$(TEST_HOST)";
				DEVELOPMENT_TEAM = 5VMXNS7PPW;
				INFOPLIST_FILE = takePhotoAPPTests/Info.plist;
				LD_RUNPATH_SEARCH_PATHS = "$(inherited) @executable_path/Frameworks @loader_path/Frameworks";
				PRODUCT_BUNDLE_IDENTIFIER = takePhotoAPP.takePhotoAPPTests;
				PRODUCT_NAME = "$(TARGET_NAME)";
				TEST_HOST = "$(BUILT_PRODUCTS_DIR)/takePhotoAPP.app/takePhotoAPP";
			};
			name = Release;
		};
		8363E9AF1F4C4C24004B7ACA /* Debug */ = {
			isa = XCBuildConfiguration;
			buildSettings = {
				DEVELOPMENT_TEAM = 5VMXNS7PPW;
				INFOPLIST_FILE = takePhotoAPPUITests/Info.plist;
				LD_RUNPATH_SEARCH_PATHS = "$(inherited) @executable_path/Frameworks @loader_path/Frameworks";
				PRODUCT_BUNDLE_IDENTIFIER = takePhotoAPP.takePhotoAPPUITests;
				PRODUCT_NAME = "$(TARGET_NAME)";
				TEST_TARGET_NAME = takePhotoAPP;
			};
			name = Debug;
		};
		8363E9B01F4C4C24004B7ACA /* Release */ = {
			isa = XCBuildConfiguration;
			buildSettings = {
				DEVELOPMENT_TEAM = 5VMXNS7PPW;
				INFOPLIST_FILE = takePhotoAPPUITests/Info.plist;
				LD_RUNPATH_SEARCH_PATHS = "$(inherited) @executable_path/Frameworks @loader_path/Frameworks";
				PRODUCT_BUNDLE_IDENTIFIER = takePhotoAPP.takePhotoAPPUITests;
				PRODUCT_NAME = "$(TARGET_NAME)";
				TEST_TARGET_NAME = takePhotoAPP;
			};
			name = Release;
		};
/* End XCBuildConfiguration section */

/* Begin XCConfigurationList section */
		8363E9761F4C4C24004B7ACA /* Build configuration list for PBXProject "takePhotoAPP" */ = {
			isa = XCConfigurationList;
			buildConfigurations = (
				8363E9A61F4C4C24004B7ACA /* Debug */,
				8363E9A71F4C4C24004B7ACA /* Release */,
			);
			defaultConfigurationIsVisible = 0;
			defaultConfigurationName = Release;
		};
		8363E9A81F4C4C24004B7ACA /* Build configuration list for PBXNativeTarget "takePhotoAPP" */ = {
			isa = XCConfigurationList;
			buildConfigurations = (
				8363E9A91F4C4C24004B7ACA /* Debug */,
				8363E9AA1F4C4C24004B7ACA /* Release */,
			);
			defaultConfigurationIsVisible = 0;
			defaultConfigurationName = Release;
		};
		8363E9AB1F4C4C24004B7ACA /* Build configuration list for PBXNativeTarget "takePhotoAPPTests" */ = {
			isa = XCConfigurationList;
			buildConfigurations = (
				8363E9AC1F4C4C24004B7ACA /* Debug */,
				8363E9AD1F4C4C24004B7ACA /* Release */,
			);
			defaultConfigurationIsVisible = 0;
			defaultConfigurationName = Release;
		};
		8363E9AE1F4C4C24004B7ACA /* Build configuration list for PBXNativeTarget "takePhotoAPPUITests" */ = {
			isa = XCConfigurationList;
			buildConfigurations = (
				8363E9AF1F4C4C24004B7ACA /* Debug */,
				8363E9B01F4C4C24004B7ACA /* Release */,
			);
			defaultConfigurationIsVisible = 0;
			defaultConfigurationName = Release;
		};
/* End XCConfigurationList section */
	};
	rootObject = 8363E9731F4C4C24004B7ACA /* Project object */;
}
